
Microsoft Visual Studio Solution File, Format Version 12.00
# Visual Studio Version 16
VisualStudioVersion = 16.0.32630.194
MinimumVisualStudioVersion = 10.0.40219.1
Project("{FAE04EC0-301F-11D3-BF4B-00C04F79EFBC}") = "PusirSortirovka", "PusirSortirovka\PusirSortirovka.csproj", "{431369E9-344F-4374-977C-61328BE6EBA7}"
EndProject
Global
	GlobalSection(SolutionConfigurationPlatforms) = preSolution
		Debug|Any CPU = Debug|Any CPU
		Release|Any CPU = Release|Any CPU
	EndGlobalSection
	GlobalSection(ProjectConfigurationPlatforms) = postSolution
		{431369E9-344F-4374-977C-61328BE6EBA7}.Debug|Any CPU.ActiveCfg = Debug|Any CPU
		{431369E9-344F-4374-977C-61328BE6EBA7}.Debug|Any CPU.Build.0 = Debug|Any CPU
		{431369E9-344F-4374-977C-61328BE6EBA7}.Release|Any CPU.ActiveCfg = Release|Any CPU
		{431369E9-344F-4374-977C-61328BE6EBA7}.Release|Any CPU.Build.0 = Release|Any CPU
	EndGlobalSection
	GlobalSection(SolutionProperties) = preSolution
		HideSolutionNode = FALSE
	EndGlobalSection
	GlobalSection(ExtensibilityGlobals) = postSolution
		SolutionGuid = {37B44B5E-40B0-4B2D-A293-2D09E8D63003}
	EndGlobalSection
EndGlobal
